
Microsoft Visual Studio Solution File, Format Version 12.00
# Visual Studio 14
VisualStudioVersion = 14.0.25420.1
MinimumVisualStudioVersion = 10.0.40219.1
Project("{FAE04EC0-301F-11D3-BF4B-00C04F79EFBC}") = "IntelligentKioskSample", "IntelligentKioskSample.csproj", "{B08D337A-AF9F-4705-B8C1-C7F07FACD8C5}"
EndProject
Project("{FAE04EC0-301F-11D3-BF4B-00C04F79EFBC}") = "ServiceHelpers", "ServiceHelpers\ServiceHelpers.csproj", "{5D9320AF-A9E4-48E3-89BC-9F7F0954B298}"
EndProject
Project("{FAE04EC0-301F-11D3-BF4B-00C04F79EFBC}") = "KioskRuntimeComponent", "KioskRuntimeComponent\KioskRuntimeComponent.csproj", "{FC5A0250-B742-40A8-82CA-BEC2DF66982F}"
EndProject
Global
	GlobalSection(SolutionConfigurationPlatforms) = preSolution
		CNDebug|Any CPU = CNDebug|Any CPU
		CNDebug|ARM = CNDebug|ARM
		CNDebug|x64 = CNDebug|x64
		CNDebug|x86 = CNDebug|x86
		Debug|Any CPU = Debug|Any CPU
		Debug|ARM = Debug|ARM
		Debug|x64 = Debug|x64
		Debug|x86 = Debug|x86
		Release|Any CPU = Release|Any CPU
		Release|ARM = Release|ARM
		Release|x64 = Release|x64
		Release|x86 = Release|x86
	EndGlobalSection
	GlobalSection(ProjectConfigurationPlatforms) = postSolution
		{B08D337A-AF9F-4705-B8C1-C7F07FACD8C5}.CNDebug|Any CPU.ActiveCfg = Release|x64
		{B08D337A-AF9F-4705-B8C1-C7F07FACD8C5}.CNDebug|Any CPU.Build.0 = Release|x64
		{B08D337A-AF9F-4705-B8C1-C7F07FACD8C5}.CNDebug|Any CPU.Deploy.0 = Release|x64
		{B08D337A-AF9F-4705-B8C1-C7F07FACD8C5}.CNDebug|ARM.ActiveCfg = Debug|ARM
		{B08D337A-AF9F-4705-B8C1-C7F07FACD8C5}.CNDebug|ARM.Build.0 = Debug|ARM
		{B08D337A-AF9F-4705-B8C1-C7F07FACD8C5}.CNDebug|ARM.Deploy.0 = Debug|ARM
		{B08D337A-AF9F-4705-B8C1-C7F07FACD8C5}.CNDebug|x64.ActiveCfg = Debug|x64
		{B08D337A-AF9F-4705-B8C1-C7F07FACD8C5}.CNDebug|x64.Build.0 = Debug|x64
		{B08D337A-AF9F-4705-B8C1-C7F07FACD8C5}.CNDebug|x64.Deploy.0 = Debug|x64
		{B08D337A-AF9F-4705-B8C1-C7F07FACD8C5}.CNDebug|x86.ActiveCfg = Debug|x86
		{B08D337A-AF9F-4705-B8C1-C7F07FACD8C5}.CNDebug|x86.Build.0 = Debug|x86
		{B08D337A-AF9F-4705-B8C1-C7F07FACD8C5}.CNDebug|x86.Deploy.0 = Debug|x86
		{B08D337A-AF9F-4705-B8C1-C7F07FACD8C5}.Debug|Any CPU.ActiveCfg = Debug|x86
		{B08D337A-AF9F-4705-B8C1-C7F07FACD8C5}.Debug|Any CPU.Build.0 = Debug|x86
		{B08D337A-AF9F-4705-B8C1-C7F07FACD8C5}.Debug|Any CPU.Deploy.0 = Debug|x86
		{B08D337A-AF9F-4705-B8C1-C7F07FACD8C5}.Debug|ARM.ActiveCfg = Debug|ARM
		{B08D337A-AF9F-4705-B8C1-C7F07FACD8C5}.Debug|ARM.Build.0 = Debug|ARM
		{B08D337A-AF9F-4705-B8C1-C7F07FACD8C5}.Debug|ARM.Deploy.0 = Debug|ARM
		{B08D337A-AF9F-4705-B8C1-C7F07FACD8C5}.Debug|x64.ActiveCfg = Debug|x64
		{B08D337A-AF9F-4705-B8C1-C7F07FACD8C5}.Debug|x64.Build.0 = Debug|x64
		{B08D337A-AF9F-4705-B8C1-C7F07FACD8C5}.Debug|x64.Deploy.0 = Debug|x64
		{B08D337A-AF9F-4705-B8C1-C7F07FACD8C5}.Debug|x86.ActiveCfg = Debug|x86
		{B08D337A-AF9F-4705-B8C1-C7F07FACD8C5}.Debug|x86.Build.0 = Debug|x86
		{B08D337A-AF9F-4705-B8C1-C7F07FACD8C5}.Debug|x86.Deploy.0 = Debug|x86
		{B08D337A-AF9F-4705-B8C1-C7F07FACD8C5}.Release|Any CPU.ActiveCfg = Release|x86
		{B08D337A-AF9F-4705-B8C1-C7F07FACD8C5}.Release|ARM.ActiveCfg = Release|ARM
		{B08D337A-AF9F-4705-B8C1-C7F07FACD8C5}.Release|ARM.Build.0 = Release|ARM
		{B08D337A-AF9F-4705-B8C1-C7F07FACD8C5}.Release|ARM.Deploy.0 = Release|ARM
		{B08D337A-AF9F-4705-B8C1-C7F07FACD8C5}.Release|x64.ActiveCfg = Release|x64
		{B08D337A-AF9F-4705-B8C1-C7F07FACD8C5}.Release|x64.Build.0 = Release|x64
		{B08D337A-AF9F-4705-B8C1-C7F07FACD8C5}.Release|x64.Deploy.0 = Release|x64
		{B08D337A-AF9F-4705-B8C1-C7F07FACD8C5}.Release|x86.ActiveCfg = Release|x86
		{B08D337A-AF9F-4705-B8C1-C7F07FACD8C5}.Release|x86.Build.0 = Release|x86
		{B08D337A-AF9F-4705-B8C1-C7F07FACD8C5}.Release|x86.Deploy.0 = Release|x86
		{5D9320AF-A9E4-48E3-89BC-9F7F0954B298}.CNDebug|Any CPU.ActiveCfg = Debug|Any CPU
		{5D9320AF-A9E4-48E3-89BC-9F7F0954B298}.CNDebug|Any CPU.Build.0 = Debug|Any CPU
		{5D9320AF-A9E4-48E3-89BC-9F7F0954B298}.CNDebug|ARM.ActiveCfg = Debug|Any CPU
		{5D9320AF-A9E4-48E3-89BC-9F7F0954B298}.CNDebug|ARM.Build.0 = Debug|Any CPU
		{5D9320AF-A9E4-48E3-89BC-9F7F0954B298}.CNDebug|x64.ActiveCfg = Debug|Any CPU
		{5D9320AF-A9E4-48E3-89BC-9F7F0954B298}.CNDebug|x64.Build.0 = Debug|Any CPU
		{5D9320AF-A9E4-48E3-89BC-9F7F0954B298}.CNDebug|x86.ActiveCfg = Debug|Any CPU
		{5D9320AF-A9E4-48E3-89BC-9F7F0954B298}.CNDebug|x86.Build.0 = Debug|Any CPU
		{5D9320AF-A9E4-48E3-89BC-9F7F0954B298}.Debug|Any CPU.ActiveCfg = Debug|Any CPU
		{5D9320AF-A9E4-48E3-89BC-9F7F0954B298}.Debug|Any CPU.Build.0 = Debug|Any CPU
		{5D9320AF-A9E4-48E3-89BC-9F7F0954B298}.Debug|ARM.ActiveCfg = Debug|Any CPU
		{5D9320AF-A9E4-48E3-89BC-9F7F0954B298}.Debug|ARM.Build.0 = Debug|Any CPU
		{5D9320AF-A9E4-48E3-89BC-9F7F0954B298}.Debug|x64.ActiveCfg = Debug|Any CPU
		{5D9320AF-A9E4-48E3-89BC-9F7F0954B298}.Debug|x64.Build.0 = Debug|Any CPU
		{5D9320AF-A9E4-48E3-89BC-9F7F0954B298}.Debug|x86.ActiveCfg = Debug|Any CPU
		{5D9320AF-A9E4-48E3-89BC-9F7F0954B298}.Debug|x86.Build.0 = Debug|Any CPU
		{5D9320AF-A9E4-48E3-89BC-9F7F0954B298}.Release|Any CPU.ActiveCfg = Release|Any CPU
		{5D9320AF-A9E4-48E3-89BC-9F7F0954B298}.Release|Any CPU.Build.0 = Release|Any CPU
		{5D9320AF-A9E4-48E3-89BC-9F7F0954B298}.Release|ARM.ActiveCfg = Release|Any CPU
		{5D9320AF-A9E4-48E3-89BC-9F7F0954B298}.Release|ARM.Build.0 = Release|Any CPU
		{5D9320AF-A9E4-48E3-89BC-9F7F0954B298}.Release|x64.ActiveCfg = Release|Any CPU
		{5D9320AF-A9E4-48E3-89BC-9F7F0954B298}.Release|x64.Build.0 = Release|Any CPU
		{5D9320AF-A9E4-48E3-89BC-9F7F0954B298}.Release|x86.ActiveCfg = Release|Any CPU
		{5D9320AF-A9E4-48E3-89BC-9F7F0954B298}.Release|x86.Build.0 = Release|Any CPU
		{FC5A0250-B742-40A8-82CA-BEC2DF66982F}.CNDebug|Any CPU.ActiveCfg = Debug|Any CPU
		{FC5A0250-B742-40A8-82CA-BEC2DF66982F}.CNDebug|Any CPU.Build.0 = Debug|Any CPU
		{FC5A0250-B742-40A8-82CA-BEC2DF66982F}.CNDebug|ARM.ActiveCfg = Debug|ARM
		{FC5A0250-B742-40A8-82CA-BEC2DF66982F}.CNDebug|ARM.Build.0 = Debug|ARM
		{FC5A0250-B742-40A8-82CA-BEC2DF66982F}.CNDebug|x64.ActiveCfg = Debug|x64
		{FC5A0250-B742-40A8-82CA-BEC2DF66982F}.CNDebug|x64.Build.0 = Debug|x64
		{FC5A0250-B742-40A8-82CA-BEC2DF66982F}.CNDebug|x86.ActiveCfg = Debug|x86
		{FC5A0250-B742-40A8-82CA-BEC2DF66982F}.CNDebug|x86.Build.0 = Debug|x86
		{FC5A0250-B742-40A8-82CA-BEC2DF66982F}.Debug|Any CPU.ActiveCfg = Debug|Any CPU
		{FC5A0250-B742-40A8-82CA-BEC2DF66982F}.Debug|Any CPU.Build.0 = Debug|Any CPU
		{FC5A0250-B742-40A8-82CA-BEC2DF66982F}.Debug|ARM.ActiveCfg = Debug|ARM
		{FC5A0250-B742-40A8-82CA-BEC2DF66982F}.Debug|ARM.Build.0 = Debug|ARM
		{FC5A0250-B742-40A8-82CA-BEC2DF66982F}.Debug|x64.ActiveCfg = Debug|x64
		{FC5A0250-B742-40A8-82CA-BEC2DF66982F}.Debug|x64.Build.0 = Debug|x64
		{FC5A0250-B742-40A8-82CA-BEC2DF66982F}.Debug|x86.ActiveCfg = Debug|x86
		{FC5A0250-B742-40A8-82CA-BEC2DF66982F}.Debug|x86.Build.0 = Debug|x86
		{FC5A0250-B742-40A8-82CA-BEC2DF66982F}.Release|Any CPU.ActiveCfg = Release|Any CPU
		{FC5A0250-B742-40A8-82CA-BEC2DF66982F}.Release|Any CPU.Build.0 = Release|Any CPU
		{FC5A0250-B742-40A8-82CA-BEC2DF66982F}.Release|ARM.ActiveCfg = Release|ARM
		{FC5A0250-B742-40A8-82CA-BEC2DF66982F}.Release|ARM.Build.0 = Release|ARM
		{FC5A0250-B742-40A8-82CA-BEC2DF66982F}.Release|x64.ActiveCfg = Release|x64
		{FC5A0250-B742-40A8-82CA-BEC2DF66982F}.Release|x64.Build.0 = Release|x64
		{FC5A0250-B742-40A8-82CA-BEC2DF66982F}.Release|x86.ActiveCfg = Release|x86
		{FC5A0250-B742-40A8-82CA-BEC2DF66982F}.Release|x86.Build.0 = Release|x86
	EndGlobalSection
	GlobalSection(SolutionProperties) = preSolution
		HideSolutionNode = FALSE
	EndGlobalSection
EndGlobal
